Microsoft Visual Studio Solution File, Format Version 12.00
# Visual Studio Version 17
VisualStudioVersion = 17.5.2.0
MinimumVisualStudioVersion = 10.0.40219.1
Project("{2150E333-8FDC-42A3-9474-1A3956D46DE8}") = "HW_1", "HW_1", "{C538A990-20C5-7D83-5B24-6AA083D845D2}"
EndProject
Project("{FAE04EC0-301F-11D3-BF4B-00C04F79EFBC}") = "ImageEditorApp", "HW_1\ImageEditorApp\ImageEditorApp.csproj", "{C6AF7C05-DEDB-4E65-3252-5EFFA3B44E87}"
EndProject
Global
	GlobalSection(SolutionConfigurationPlatforms) = preSolution
		Debug|Any CPU = Debug|Any CPU
		Release|Any CPU = Release|Any CPU
	EndGlobalSection
	GlobalSection(ProjectConfigurationPlatforms) = postSolution
		{C6AF7C05-DEDB-4E65-3252-5EFFA3B44E87}.Debug|Any CPU.ActiveCfg = Debug|Any CPU
		{C6AF7C05-DEDB-4E65-3252-5EFFA3B44E87}.Debug|Any CPU.Build.0 = Debug|Any CPU
		{C6AF7C05-DEDB-4E65-3252-5EFFA3B44E87}.Release|Any CPU.ActiveCfg = Release|Any CPU
		{C6AF7C05-DEDB-4E65-3252-5EFFA3B44E87}.Release|Any CPU.Build.0 = Release|Any CPU
	EndGlobalSection
	GlobalSection(SolutionProperties) = preSolution
		HideSolutionNode = FALSE
	EndGlobalSection
	GlobalSection(NestedProjects) = preSolution
		{C6AF7C05-DEDB-4E65-3252-5EFFA3B44E87} = {C538A990-20C5-7D83-5B24-6AA083D845D2}
	EndGlobalSection
	GlobalSection(ExtensibilityGlobals) = postSolution
		SolutionGuid = {9311AD61-195D-46B4-A6A3-BB93F22D88A4}
	EndGlobalSection
EndGlobal
